{
  "name": "person-search-mcp-server",
  "version": "1.0.0",
  "lockfileVersion": 3,
  "requires": true,
  "packages": {
    "": {
      "name": "person-search-mcp-server",
      "version": "1.0.0",
      "dependencies": {
        "@modelcontextprotocol/sdk": "^1.29.0",
        "@prisma/adapter-pg": "^7.7.0",
        "@prisma/client": "^7.7.0",
        "dotenv": "^17.4.2",
        "pg": "^8.20.0",
        "zod": "^3.25.76"
      },
      "devDependencies": {
        "@types/node": "^20.19.39",
        "@types/pg": "^8.20.0",
        "prisma": "^7.7.0",
        "tsx": "^4.21.0",
        "typescript": "^5.9.3"
      }
    },
    "../node_modules/.pnpm/@modelcontextprotocol+sdk@1.29.0_zod@3.25.76/node_modules/@modelcontextprotocol/sdk": {
      "version": "1.29.0",
      "license": "MIT",
      "dependencies": {
        "@hono/node-server": "^1.19.9",
        "ajv": "^8.17.1",
        "ajv-formats": "^3.0.1",
        "content-type": "^1.0.5",
        "cors": "^2.8.5",
        "cross-spawn": "^7.0.5",
        "eventsource": "^3.0.2",
        "eventsource-parser": "^3.0.0",
        "express": "^5.2.1",
        "express-rate-limit": "^8.2.1",
        "hono": "^4.11.4",
        "jose": "^6.1.3",
        "json-schema-typed": "^8.0.2",
        "pkce-challenge": "^5.0.0",
        "raw-body": "^3.0.0",
        "zod": "^3.25 || ^4.0",
        "zod-to-json-schema": "^3.25.1"
      },
      "devDependencies": {
        "@cfworker/json-schema": "^4.1.1",
        "@eslint/js": "^9.39.1",
        "@modelcontextprotocol/conformance": "^0.1.14",
        "@types/content-type": "^1.1.8",
        "@types/cors": "^2.8.17",
        "@types/cross-spawn": "^6.0.6",
        "@types/eventsource": "^1.1.15",
        "@types/express": "^5.0.0",
        "@types/express-serve-static-core": "^5.1.0",
        "@types/node": "^22.12.0",
        "@types/supertest": "^6.0.2",
        "@types/ws": "^8.5.12",
        "@typescript/native-preview": "^7.0.0-dev.20251103.1",
        "eslint": "^9.8.0",
        "eslint-config-prettier": "^10.1.8",
        "eslint-plugin-n": "^17.23.1",
        "prettier": "3.6.2",
        "supertest": "^7.0.0",
        "tsx": "^4.16.5",
        "typescript": "^5.5.4",
        "typescript-eslint": "^8.48.1",
        "vitest": "^4.0.8",
        "ws": "^8.18.0"
      },
      "engines": {
        "node": ">=18"
      },
      "peerDependencies": {
        "@cfworker/json-schema": "^4.1.1",
        "zod": "^3.25 || ^4.0"
      },
      "peerDependenciesMeta": {
        "@cfworker/json-schema": {
          "optional": true
        },
        "zod": {
          "optional": false
        }
      }
    },
    "../node_modules/.pnpm/@prisma+adapter-pg@7.7.0/node_modules/@prisma/adapter-pg": {
      "version": "7.7.0",
      "license": "Apache-2.0",
      "dependencies": {
        "@prisma/driver-adapter-utils": "7.7.0",
        "@types/pg": "^8.16.0",
        "pg": "^8.16.3",
        "postgres-array": "3.0.4"
      },
      "devDependencies": {
        "@prisma/debug": "7.7.0"
      }
    },
    "../node_modules/.pnpm/@prisma+client@7.7.0_prisma_f7b53875922fd418c3dcd2222ca16ecf/node_modules/@prisma/client": {
      "version": "7.7.0",
      "license": "Apache-2.0",
      "dependencies": {
        "@prisma/client-runtime-utils": "7.7.0"
      },
      "devDependencies": {
        "@cloudflare/workers-types": "^4.20251014.0",
        "@codspeed/benchmark.js-plugin": "4.0.0",
        "@faker-js/faker": "9.6.0",
        "@fast-check/jest": "2.0.3",
        "@hono/node-server": "1.19.0",
        "@inquirer/prompts": "7.3.3",
        "@jest/create-cache-key-function": "29.7.0",
        "@jest/globals": "29.7.0",
        "@jest/test-sequencer": "29.7.0",
        "@libsql/client": "0.8.1",
        "@neondatabase/serverless": "0.10.2",
        "@opentelemetry/api": "1.9.0",
        "@opentelemetry/context-async-hooks": "2.1.0",
        "@opentelemetry/instrumentation": "0.206.0",
        "@opentelemetry/resources": "2.1.0",
        "@opentelemetry/sdk-trace-base": "2.1.0",
        "@opentelemetry/semantic-conventions": "1.37.0",
        "@planetscale/database": "1.19.0",
        "@prisma/adapter-better-sqlite3": "7.7.0",
        "@prisma/adapter-d1": "7.7.0",
        "@prisma/adapter-libsql": "7.7.0",
        "@prisma/adapter-mariadb": "7.7.0",
        "@prisma/adapter-mssql": "7.7.0",
        "@prisma/adapter-neon": "7.7.0",
        "@prisma/adapter-pg": "7.7.0",
        "@prisma/adapter-planetscale": "7.7.0",
        "@prisma/client-common": "7.7.0",
        "@prisma/client-engine-runtime": "7.7.0",
        "@prisma/client-generator-js": "7.7.0",
        "@prisma/client-generator-ts": "7.7.0",
        "@prisma/config": "7.7.0",
        "@prisma/debug": "7.7.0",
        "@prisma/dmmf": "7.7.0",
        "@prisma/driver-adapter-utils": "7.7.0",
        "@prisma/engines": "7.7.0",
        "@prisma/engines-version": "7.6.0-1.75cbdc1eb7150937890ad5465d861175c6624711",
        "@prisma/fetch-engine": "7.7.0",
        "@prisma/generator": "7.7.0",
        "@prisma/generator-helper": "7.7.0",
        "@prisma/get-platform": "7.7.0",
        "@prisma/instrumentation": "7.7.0",
        "@prisma/instrumentation-contract": "7.7.0",
        "@prisma/internals": "7.7.0",
        "@prisma/json-protocol": "7.7.0",
        "@prisma/migrate": "7.7.0",
        "@prisma/param-graph": "7.7.0",
        "@prisma/param-graph-builder": "7.7.0",
        "@prisma/query-compiler-wasm": "7.6.0-1.75cbdc1eb7150937890ad5465d861175c6624711",
        "@prisma/query-plan-executor": "7.7.0",
        "@prisma/sqlcommenter": "7.7.0",
        "@prisma/sqlcommenter-trace-context": "7.7.0",
        "@prisma/ts-builders": "7.7.0",
        "@snaplet/copycat": "6.0.0",
        "@swc-node/register": "1.10.9",
        "@swc/core": "1.11.5",
        "@swc/jest": "0.2.37",
        "@timsuchanek/copy": "1.4.5",
        "@types/debug": "4.1.12",
        "@types/fs-extra": "11.0.4",
        "@types/jest": "29.5.14",
        "@types/js-levenshtein": "1.1.3",
        "@types/mssql": "9.1.8",
        "@types/node": "~20.19.24",
        "@types/pg": "8.11.11",
        "arg": "5.0.2",
        "benchmark": "2.1.4",
        "cookie-es": "2.0.0",
        "execa": "8.0.1",
        "expect-type": "1.2.2",
        "fs-extra": "11.3.0",
        "get-stream": "6.0.1",
        "globby": "11.1.0",
        "indent-string": "4.0.0",
        "jest": "29.7.0",
        "jest-extended": "4.0.2",
        "jest-junit": "16.0.0",
        "jest-serializer-ansi-escapes": "4.0.0",
        "jest-snapshot": "29.7.0",
        "js-levenshtein": "1.1.6",
        "kleur": "4.1.5",
        "klona": "2.0.6",
        "mariadb": "3.4.5",
        "memfs": "4.17.2",
        "mssql": "11.0.1",
        "new-github-issue-url": "0.2.1",
        "p-retry": "4.6.2",
        "pg": "8.14.1",
        "resolve": "1.22.10",
        "simple-statistics": "7.8.8",
        "sort-keys": "5.1.0",
        "source-map-support": "0.5.21",
        "stacktrace-parser": "0.1.11",
        "strip-ansi": "7.1.0",
        "strip-indent": "4.0.0",
        "tempy": "3.0.0",
        "ts-pattern": "5.6.2",
        "tsd": "0.31.2",
        "typescript": "5.4.5",
        "undici": "7.4.0",
        "zx": "8.4.1"
      },
      "engines": {
        "node": "^20.19 || ^22.12 || >=24.0"
      },
      "peerDependencies": {
        "prisma": "*",
        "typescript": ">=5.4.0"
      },
      "peerDependenciesMeta": {
        "prisma": {
          "optional": true
        },
        "typescript": {
          "optional": true
        }
      }
    },
    "../node_modules/.pnpm/@types+node@20.19.39/node_modules/@types/node": {
      "version": "20.19.39",
      "dev": true,
      "license": "MIT",
      "dependencies": {
        "undici-types": "~6.21.0"
      }
    },
    "../node_modules/.pnpm/@types+pg@8.20.0/node_modules/@types/pg": {
      "version": "8.20.0",
      "dev": true,
      "license": "MIT",
      "dependencies": {
        "@types/node": "*",
        "pg-protocol": "*",
        "pg-types": "^2.2.0"
      }
    },
    "../node_modules/.pnpm/dotenv@17.4.2/node_modules/dotenv": {
      "version": "17.4.2",
      "license": "BSD-2-Clause",
      "devDependencies": {
        "@types/node": "^18.11.3",
        "decache": "^4.6.2",
        "sinon": "^14.0.1",
        "standard": "^17.0.0",
        "standard-version": "^9.5.0",
        "tap": "^19.2.0",
        "typescript": "^4.8.4"
      },
      "engines": {
        "node": ">=12"
      },
      "funding": {
        "url": "https://dotenvx.com"
      }
    },
    "../node_modules/.pnpm/pg@8.20.0/node_modules/pg": {
      "version": "8.20.0",
      "license": "MIT",
      "dependencies": {
        "pg-connection-string": "^2.12.0",
        "pg-pool": "^3.13.0",
        "pg-protocol": "^1.13.0",
        "pg-types": "2.2.0",
        "pgpass": "1.0.5"
      },
      "devDependencies": {
        "@cloudflare/vitest-pool-workers": "0.8.23",
        "@cloudflare/workers-types": "^4.20230404.0",
        "async": "2.6.4",
        "bluebird": "3.7.2",
        "co": "4.6.0",
        "pg-copy-streams": "0.3.0",
        "typescript": "^4.0.3",
        "vitest": "~3.0.9",
        "wrangler": "^3.x"
      },
      "engines": {
        "node": ">= 16.0.0"
      },
      "optionalDependencies": {
        "pg-cloudflare": "^1.3.0"
      },
      "peerDependencies": {
        "pg-native": ">=3.0.1"
      },
      "peerDependenciesMeta": {
        "pg-native": {
          "optional": true
        }
      }
    },
    "../node_modules/.pnpm/prisma@7.7.0_@types+react-d_f88945f1fa87b4c872bc619316c3b2be/node_modules/prisma": {
      "version": "7.7.0",
      "dev": true,
      "hasInstallScript": true,
      "license": "Apache-2.0",
      "dependencies": {
        "@prisma/config": "7.7.0",
        "@prisma/dev": "0.24.3",
        "@prisma/engines": "7.7.0",
        "@prisma/studio-core": "0.27.3",
        "mysql2": "3.15.3",
        "postgres": "3.4.7"
      },
      "bin": {
        "prisma": "build/index.js"
      },
      "devDependencies": {
        "@inquirer/prompts": "7.3.3",
        "@libsql/client": "0.8.1",
        "@modelcontextprotocol/sdk": "1.13.2",
        "@opentelemetry/api": "1.9.0",
        "@opentelemetry/context-async-hooks": "2.1.0",
        "@opentelemetry/sdk-trace-base": "2.1.0",
        "@prisma/adapter-libsql": "7.7.0",
        "@prisma/client": "7.7.0",
        "@prisma/client-generator-registry": "7.7.0",
        "@prisma/credentials-store": "7.7.0",
        "@prisma/debug": "7.7.0",
        "@prisma/dmmf": "7.7.0",
        "@prisma/driver-adapter-utils": "7.7.0",
        "@prisma/fetch-engine": "7.7.0",
        "@prisma/generator": "7.7.0",
        "@prisma/get-platform": "7.7.0",
        "@prisma/internals": "7.7.0",
        "@prisma/management-api-sdk": "1.12.0",
        "@prisma/migrate": "7.7.0",
        "@swc/core": "1.11.5",
        "@swc/jest": "0.2.37",
        "@types/better-sqlite3": "7.6.12",
        "@types/fs-extra": "11.0.4",
        "@types/jest": "29.5.14",
        "@types/node": "~20.19.24",
        "@types/react": "19.2.14",
        "@types/react-dom": "19.2.3",
        "async-listen": "3.1.0",
        "better-sqlite3": "^11.10.0",
        "checkpoint-client": "1.1.33",
        "chokidar": "4.0.3",
        "dotenv": "17.2.3",
        "effect": "3.20.0",
        "env-paths": "2.2.1",
        "execa": "5.1.1",
        "fs-extra": "11.3.0",
        "get-port-please": "3.2.0",
        "get-tsconfig": "4.10.0",
        "jest": "29.7.0",
        "jest-junit": "16.0.0",
        "kleur": "4.1.5",
        "line-replace": "2.0.1",
        "log-update": "6.1.0",
        "node-fetch": "3.3.2",
        "npm-packlist": "5.1.3",
        "ohash": "2.0.11",
        "open": "8.4.2",
        "openapi-fetch": "0.15.0",
        "openapi-typescript": "7.10.1",
        "ora": "8.2.0",
        "package-up": "5.0.0",
        "pathe": "2.0.3",
        "react": "19.2.0",
        "react-dom": "19.2.0",
        "resolve-pkg": "2.0.0",
        "std-env": "3.10.0",
        "strip-ansi": "7.1.0",
        "ts-pattern": "5.6.2",
        "typescript": "5.4.5",
        "xdg-app-paths": "8.3.0",
        "zod": "3.24.2"
      },
      "engines": {
        "node": "^20.19 || ^22.12 || >=24.0"
      },
      "peerDependencies": {
        "better-sqlite3": ">=9.0.0",
        "typescript": ">=5.4.0"
      },
      "peerDependenciesMeta": {
        "better-sqlite3": {
          "optional": true
        },
        "typescript": {
          "optional": true
        }
      }
    },
    "../node_modules/.pnpm/tsx@4.21.0/node_modules/tsx": {
      "version": "4.21.0",
      "dev": true,
      "license": "MIT",
      "dependencies": {
        "esbuild": "~0.27.0",
        "get-tsconfig": "^4.7.5"
      },
      "bin": {
        "tsx": "dist/cli.mjs"
      },
      "engines": {
        "node": ">=18.0.0"
      },
      "optionalDependencies": {
        "fsevents": "~2.3.3"
      }
    },
    "../node_modules/.pnpm/typescript@5.9.3/node_modules/typescript": {
      "version": "5.9.3",
      "dev": true,
      "license": "Apache-2.0",
      "bin": {
        "tsc": "bin/tsc",
        "tsserver": "bin/tsserver"
      },
      "devDependencies": {
        "@dprint/formatter": "^0.4.1",
        "@dprint/typescript": "0.93.4",
        "@esfx/canceltoken": "^1.0.0",
        "@eslint/js": "^9.20.0",
        "@octokit/rest": "^21.1.1",
        "@types/chai": "^4.3.20",
        "@types/diff": "^7.0.1",
        "@types/minimist": "^1.2.5",
        "@types/mocha": "^10.0.10",
        "@types/ms": "^0.7.34",
        "@types/node": "latest",
        "@types/source-map-support": "^0.5.10",
        "@types/which": "^3.0.4",
        "@typescript-eslint/rule-tester": "^8.24.1",
        "@typescript-eslint/type-utils": "^8.24.1",
        "@typescript-eslint/utils": "^8.24.1",
        "azure-devops-node-api": "^14.1.0",
        "c8": "^10.1.3",
        "chai": "^4.5.0",
        "chokidar": "^4.0.3",
        "diff": "^7.0.0",
        "dprint": "^0.49.0",
        "esbuild": "^0.25.0",
        "eslint": "^9.20.1",
        "eslint-formatter-autolinkable-stylish": "^1.4.0",
        "eslint-plugin-regexp": "^2.7.0",
        "fast-xml-parser": "^4.5.2",
        "glob": "^10.4.5",
        "globals": "^15.15.0",
        "hereby": "^1.10.0",
        "jsonc-parser": "^3.3.1",
        "knip": "^5.44.4",
        "minimist": "^1.2.8",
        "mocha": "^10.8.2",
        "mocha-fivemat-progress-reporter": "^0.1.0",
        "monocart-coverage-reports": "^2.12.1",
        "ms": "^2.1.3",
        "picocolors": "^1.1.1",
        "playwright": "^1.50.1",
        "source-map-support": "^0.5.21",
        "tslib": "^2.8.1",
        "typescript": "^5.7.3",
        "typescript-eslint": "^8.24.1",
        "which": "^3.0.1"
      },
      "engines": {
        "node": ">=14.17"
      }
    },
    "../node_modules/.pnpm/zod@3.25.76/node_modules/zod": {
      "version": "3.25.76",
      "license": "MIT",
      "funding": {
        "url": "https://github.com/sponsors/colinhacks"
      }
    },
    "node_modules/@modelcontextprotocol/sdk": {
      "resolved": "../node_modules/.pnpm/@modelcontextprotocol+sdk@1.29.0_zod@3.25.76/node_modules/@modelcontextprotocol/sdk",
      "link": true
    },
    "node_modules/@prisma/adapter-pg": {
      "resolved": "../node_modules/.pnpm/@prisma+adapter-pg@7.7.0/node_modules/@prisma/adapter-pg",
      "link": true
    },
    "node_modules/@prisma/client": {
      "resolved": "../node_modules/.pnpm/@prisma+client@7.7.0_prisma_f7b53875922fd418c3dcd2222ca16ecf/node_modules/@prisma/client",
      "link": true
    },
    "node_modules/@types/node": {
      "resolved": "../node_modules/.pnpm/@types+node@20.19.39/node_modules/@types/node",
      "link": true
    },
    "node_modules/@types/pg": {
      "resolved": "../node_modules/.pnpm/@types+pg@8.20.0/node_modules/@types/pg",
      "link": true
    },
    "node_modules/dotenv": {
      "resolved": "../node_modules/.pnpm/dotenv@17.4.2/node_modules/dotenv",
      "link": true
    },
    "node_modules/pg": {
      "resolved": "../node_modules/.pnpm/pg@8.20.0/node_modules/pg",
      "link": true
    },
    "node_modules/prisma": {
      "resolved": "../node_modules/.pnpm/prisma@7.7.0_@types+react-d_f88945f1fa87b4c872bc619316c3b2be/node_modules/prisma",
      "link": true
    },
    "node_modules/tsx": {
      "resolved": "../node_modules/.pnpm/tsx@4.21.0/node_modules/tsx",
      "link": true
    },
    "node_modules/typescript": {
      "resolved": "../node_modules/.pnpm/typescript@5.9.3/node_modules/typescript",
      "link": true
    },
    "node_modules/zod": {
      "resolved": "../node_modules/.pnpm/zod@3.25.76/node_modules/zod",
      "link": true
    }
  }
}
